// !$*UTF8*$!
{
	archiveVersion = 1;
	classes = {
	};
	objectVersion = 50;
	objects = {

/* Begin PBXBuildFile section */
		CE196CF5221CDC110045F556 /* AppDelegate.swift in Sources */ = {isa = PBXBuildFile; fileRef = CE196CF4221CDC110045F556 /* AppDelegate.swift */; };
		CE196CF7221CDC110045F556 /* ViewController.swift in Sources */ = {isa = PBXBuildFile; fileRef = CE196CF6221CDC110045F556 /* ViewController.swift */; };
		CE196CFA221CDC110045F556 /* Main.storyboard in Resources */ = {isa = PBXBuildFile; fileRef = CE196CF8221CDC110045F556 /* Main.storyboard */; };
		CE196CFC221CDC120045F556 /* Assets.xcassets in Resources */ = {isa = PBXBuildFile; fileRef = CE196CFB221CDC120045F556 /* Assets.xcassets */; };
		CE196CFF221CDC120045F556 /* LaunchScreen.storyboard in Resources */ = {isa = PBXBuildFile; fileRef = CE196CFD221CDC120045F556 /* LaunchScreen.storyboard */; };
		CE196D0A221CDC120045F556 /* DemoTableViewTests.swift in Sources */ = {isa = PBXBuildFile; fileRef = CE196D09221CDC120045F556 /* DemoTableViewTests.swift */; };
		CEF00D1F221CEACD002087F7 /* DetailViewController.swift in Sources */ = {isa = PBXBuildFile; fileRef = CEF00D1E221CEACC002087F7 /* DetailViewController.swift */; };
/* End PBXBuildFile section */

/* Begin PBXContainerItemProxy section */
		CE196D06221CDC120045F556 /* PBXContainerItemProxy */ = {
			isa = PBXContainerItemProxy;
			containerPortal = CE196CE9221CDC110045F556 /* Project object */;
			proxyType = 1;
			remoteGlobalIDString = CE196CF0221CDC110045F556;
			remoteInfo = DemoTableView;
		};
/* End PBXContainerItemProxy section */

/* Begin PBXFileReference section */
		CE196CF1221CDC110045F556 /* DemoTableView.app */ = {isa = PBXFileReference; explicitFileType = wrapper.application; includeInIndex = 0; path = DemoTableView.app; sourceTree = BUILT_PRODUCTS_DIR; };
		CE196CF4221CDC110045F556 /* AppDelegate.swift */ = {isa = PBXFileReference; lastKnownFileType = sourcecode.swift; path = AppDelegate.swift; sourceTree = "<group>"; };
		CE196CF6221CDC110045F556 /* ViewController.swift */ = {isa = PBXFileReference; lastKnownFileType = sourcecode.swift; path = ViewController.swift; sourceTree = "<group>"; };
		CE196CF9221CDC110045F556 /* Base */ = {isa = PBXFileReference; lastKnownFileType = file.storyboard; name = Base; path = Base.lproj/Main.storyboard; sourceTree = "<group>"; };
		CE196CFB221CDC120045F556 /* Assets.xcassets */ = {isa = PBXFileReference; lastKnownFileType = folder.assetcatalog; path = Assets.xcassets; sourceTree = "<group>"; };
		CE196CFE221CDC120045F556 /* Base */ = {isa = PBXFileReference; lastKnownFileType = file.storyboard; name = Base; path = Base.lproj/LaunchScreen.storyboard; sourceTree = "<group>"; };
		CE196D00221CDC120045F556 /* Info.plist */ = {isa = PBXFileReference; lastKnownFileType = text.plist.xml; path = Info.plist; sourceTree = "<group>"; };
		CE196D05221CDC120045F556 /* DemoTableViewTests.xctest */ = {isa = PBXFileReference; explicitFileType = wrapper.cfbundle; includeInIndex = 0; path = DemoTableViewTests.xctest; sourceTree = BUILT_PRODUCTS_DIR; };
		CE196D09221CDC120045F556 /* DemoTableViewTests.swift */ = {isa = PBXFileReference; lastKnownFileType = sourcecode.swift; path = DemoTableViewTests.swift; sourceTree = "<group>"; };
		CE196D0B221CDC120045F556 /* Info.plist */ = {isa = PBXFileReference; lastKnownFileType = text.plist.xml; path = Info.plist; sourceTree = "<group>"; };
		CEF00D1E221CEACC002087F7 /* DetailViewController.swift */ = {isa = PBXFileReference; lastKnownFileType = sourcecode.swift; path = DetailViewController.swift; sourceTree = "<group>"; };
/* End PBXFileReference section */

/* Begin PBXFrameworksBuildPhase section */
		CE196CEE221CDC110045F556 /* Frameworks */ = {
			isa = PBXFrameworksBuildPhase;
			buildActionMask = 2147483647;
			files = (
			);
			runOnlyForDeploymentPostprocessing = 0;
		};
		CE196D02221CDC120045F556 /* Frameworks */ = {
			isa = PBXFrameworksBuildPhase;
			buildActionMask = 2147483647;
			files = (
			);
			runOnlyForDeploymentPostprocessing = 0;
		};
/* End PBXFrameworksBuildPhase section */

/* Begin PBXGroup section */
		CE196CE8221CDC110045F556 = {
			isa = PBXGroup;
			children = (
				CE196CF3221CDC110045F556 /* DemoTableView */,
				CE196D08221CDC120045F556 /* DemoTableViewTests */,
				CE196CF2221CDC110045F556 /* Products */,
			);
			sourceTree = "<group>";
		};
		CE196CF2221CDC110045F556 /* Products */ = {
			isa = PBXGroup;
			children = (
				CE196CF1221CDC110045F556 /* DemoTableView.app */,
				CE196D05221CDC120045F556 /* DemoTableViewTests.xctest */,
			);
			name = Products;
			sourceTree = "<group>";
		};
		CE196CF3221CDC110045F556 /* DemoTableView */ = {
			isa = PBXGroup;
			children = (
				CE196CF4221CDC110045F556 /* AppDelegate.swift */,
				CE196CF6221CDC110045F556 /* ViewController.swift */,
				CEF00D1E221CEACC002087F7 /* DetailViewController.swift */,
				CE196CF8221CDC110045F556 /* Main.storyboard */,
				CE196CFB221CDC120045F556 /* Assets.xcassets */,
				CE196CFD221CDC120045F556 /* LaunchScreen.storyboard */,
				CE196D00221CDC120045F556 /* Info.plist */,
			);
			path = DemoTableView;
			sourceTree = "<group>";
		};
		CE196D08221CDC120045F556 /* DemoTableViewTests */ = {
			isa = PBXGroup;
			children = (
				CE196D09221CDC120045F556 /* DemoTableViewTests.swift */,
				CE196D0B221CDC120045F556 /* Info.plist */,
			);
			path = DemoTableViewTests;
			sourceTree = "<group>";
		};
/* End PBXGroup section */

/* Begin PBXNativeTarget section */
		CE196CF0221CDC110045F556 /* DemoTableView */ = {
			isa = PBXNativeTarget;
			buildConfigurationList = CE196D0E221CDC120045F556 /* Build configuration list for PBXNativeTarget "DemoTableView" */;
			buildPhases = (
				CE196CED221CDC110045F556 /* Sources */,
				CE196CEE221CDC110045F556 /* Frameworks */,
				CE196CEF221CDC110045F556 /* Resources */,
			);
			buildRules = (
			);
			dependencies = (
			);
			name = DemoTableView;
			productName = DemoTableView;
			productReference = CE196CF1221CDC110045F556 /* DemoTableView.app */;
			productType = "com.apple.product-type.application";
		};
		CE196D04221CDC120045F556 /* DemoTableViewTests */ = {
			isa = PBXNativeTarget;
			buildConfigurationList = CE196D11221CDC120045F556 /* Build configuration list for PBXNativeTarget "DemoTableViewTests" */;
			buildPhases = (
				CE196D01221CDC120045F556 /* Sources */,
				CE196D02221CDC120045F556 /* Frameworks */,
				CE196D03221CDC120045F556 /* Resources */,
			);
			buildRules = (
			);
			dependencies = (
				CE196D07221CDC120045F556 /* PBXTargetDependency */,
			);
			name = DemoTableViewTests;
			productName = DemoTableViewTests;
			productReference = CE196D05221CDC120045F556 /* DemoTableViewTests.xctest */;
			productType = "com.apple.product-type.bundle.unit-test";
		};
/* End PBXNativeTarget section */

/* Begin PBXProject section */
		CE196CE9221CDC110045F556 /* Project object */ = {
			isa = PBXProject;
			attributes = {
				LastSwiftUpdateCheck = 1000;
				LastUpgradeCheck = 1000;
				ORGANIZATIONNAME = duycuong;
				TargetAttributes = {
					CE196CF0221CDC110045F556 = {
						CreatedOnToolsVersion = 10.0;
					};
					CE196D04221CDC120045F556 = {
						CreatedOnToolsVersion = 10.0;
						TestTargetID = CE196CF0221CDC110045F556;
					};
				};
			};
			buildConfigurationList = CE196CEC221CDC110045F556 /* Build configuration list for PBXProject "DemoTableView" */;
			compatibilityVersion = "Xcode 9.3";
			developmentRegion = en;
			hasScannedForEncodings = 0;
			knownRegions = (
				en,
				Base,
			);
			mainGroup = CE196CE8221CDC110045F556;
			productRefGroup = CE196CF2221CDC110045F556 /* Products */;
			projectDirPath = "";
			projectRoot = "";
			targets = (
				CE196CF0221CDC110045F556 /* DemoTableView */,
				CE196D04221CDC120045F556 /* DemoTableViewTests */,
			);
		};
/* End PBXProject section */

/* Begin PBXResourcesBuildPhase section */
		CE196CEF221CDC110045F556 /* Resources */ = {
			isa = PBXResourcesBuildPhase;
			buildActionMask = 2147483647;
			files = (
				CE196CFF221CDC120045F556 /* LaunchScreen.storyboard in Resources */,
				CE196CFC221CDC120045F556 /* Assets.xcassets in Resources */,
				CE196CFA221CDC110045F556 /* Main.storyboard in Resources */,
			);
			runOnlyForDeploymentPostprocessing = 0;
		};
		CE196D03221CDC120045F556 /* Resources */ = {
			isa = PBXResourcesBuildPhase;
			buildActionMask = 2147483647;
			files = (
			);
			runOnlyForDeploymentPostprocessing = 0;
		};
/* End PBXResourcesBuildPhase section */

/* Begin PBXSourcesBuildPhase section */
		CE196CED221CDC110045F556 /* Sources */ = {
			isa = PBXSourcesBuildPhase;
			buildActionMask = 2147483647;
			files = (
				CEF00D1F221CEACD002087F7 /* DetailViewController.swift in Sources */,
				CE196CF7221CDC110045F556 /* ViewController.swift in Sources */,
				CE196CF5221CDC110045F556 /* AppDelegate.swift in Sources */,
			);
			runOnlyForDeploymentPostprocessing = 0;
		};
		CE196D01221CDC120045F556 /* Sources */ = {
			isa = PBXSourcesBuildPhase;
			buildActionMask = 2147483647;
			files = (
				CE196D0A221CDC120045F556 /* DemoTableViewTests.swift in Sources */,
			);
			runOnlyForDeploymentPostprocessing = 0;
		};
/* End PBXSourcesBuildPhase section */

/* Begin PBXTargetDependency section */
		CE196D07221CDC120045F556 /* PBXTargetDependency */ = {
			isa = PBXTargetDependency;
			target = CE196CF0221CDC110045F556 /* DemoTableView */;
			targetProxy = CE196D06221CDC120045F556 /* PBXContainerItemProxy */;
		};
/* End PBXTargetDependency section */

/* Begin PBXVariantGroup section */
		CE196CF8221CDC110045F556 /* Main.storyboard */ = {
			isa = PBXVariantGroup;
			children = (
				CE196CF9221CDC110045F556 /* Base */,
			);
			name = Main.storyboard;
			sourceTree = "<group>";
		};
		CE196CFD221CDC120045F556 /* LaunchScreen.storyboard */ = {
			isa = PBXVariantGroup;
			children = (
				CE196CFE221CDC120045F556 /* Base */,
			);
			name = LaunchScreen.storyboard;
			sourceTree = "<group>";
		};
/* End PBXVariantGroup section */

/* Begin XCBuildConfiguration section */
		CE196D0C221CDC120045F556 /* Debug */ = {
			isa = XCBuildConfiguration;
			buildSettings = {
				ALWAYS_SEARCH_USER_PATHS = NO;
				CLANG_ANALYZER_NONNULL = YES;
				CLANG_ANALYZER_NUMBER_OBJECT_CONVERSION = YES_AGGRESSIVE;
				CLANG_CXX_LANGUAGE_STANDARD = "gnu++14";
				CLANG_CXX_LIBRARY = "libc++";
				CLANG_ENABLE_MODULES = YES;
				CLANG_ENABLE_OBJC_ARC = YES;
				CLANG_ENABLE_OBJC_WEAK = YES;
				CLANG_WARN_BLOCK_CAPTURE_AUTORELEASING = YES;
				CLANG_WARN_BOOL_CONVERSION = YES;
				CLANG_WARN_COMMA = YES;
				CLANG_WARN_CONSTANT_CONVERSION = YES;
				CLANG_WARN_DEPRECATED_OBJC_IMPLEMENTATIONS = YES;
				CLANG_WARN_DIRECT_OBJC_ISA_USAGE = YES_ERROR;
				CLANG_WARN_DOCUMENTATION_COMMENTS = YES;
				CLANG_WARN_EMPTY_BODY = YES;
				CLANG_WARN_ENUM_CONVERSION = YES;
				CLANG_WARN_INFINITE_RECURSION = YES;
				CLANG_WARN_INT_CONVERSION = YES;
				CLANG_WARN_NON_LITERAL_NULL_CONVERSION = YES;
				CLANG_WARN_OBJC_IMPLICIT_RETAIN_SELF = YES;
				CLANG_WARN_OBJC_LITERAL_CONVERSION = YES;
				CLANG_WARN_OBJC_ROOT_CLASS = YES_ERROR;
				CLANG_WARN_RANGE_LOOP_ANALYSIS = YES;
				CLANG_WARN_STRICT_PROTOTYPES = YES;
				CLANG_WARN_SUSPICIOUS_MOVE = YES;
				CLANG_WARN_UNGUARDED_AVAILABILITY = YES_AGGRESSIVE;
				CLANG_WARN_UNREACHABLE_CODE = YES;
				CLANG_WARN__DUPLICATE_METHOD_MATCH = YES;
				CODE_SIGN_IDENTITY = "iPhone Developer";
				COPY_PHASE_STRIP = NO;
				DEBUG_INFORMATION_FORMAT = dwarf;
				ENABLE_STRICT_OBJC_MSGSEND = YES;
				ENABLE_TESTABILITY = YES;
				GCC_C_LANGUAGE_STANDARD = gnu11;
				GCC_DYNAMIC_NO_PIC = NO;
				GCC_NO_COMMON_BLOCKS = YES;
				GCC_OPTIMIZATION_LEVEL = 0;
				GCC_PREPROCESSOR_DEFINITIONS = (
					"DEBUG=1",
					"$(inherited)",
				);
				GCC_WARN_64_TO_32_BIT_CONVERSION = YES;
				GCC_WARN_ABOUT_RETURN_TYPE = YES_ERROR;
				GCC_WARN_UNDECLARED_SELECTOR = YES;
				GCC_WARN_UNINITIALIZED_AUTOS = YES_AGGRESSIVE;
				GCC_WARN_UNUSED_FUNCTION = YES;
				GCC_WARN_UNUSED_VARIABLE = YES;
				IPHONEOS_DEPLOYMENT_TARGET = 12.0;
				MTL_ENABLE_DEBUG_INFO = INCLUDE_SOURCE;
				MTL_FAST_MATH = YES;
				ONLY_ACTIVE_ARCH = YES;
				SDKROOT = iphoneos;
				SWIFT_ACTIVE_COMPILATION_CONDITIONS = DEBUG;
				SWIFT_OPTIMIZATION_LEVEL = "-Onone";
			};
			name = Debug;
		};
		CE196D0D221CDC120045F556 /* Release */ = {
			isa = XCBuildConfiguration;
			buildSettings = {
				ALWAYS_SEARCH_USER_PATHS = NO;
				CLANG_ANALYZER_NONNULL = YES;
				CLANG_ANALYZER_NUMBER_OBJECT_CONVERSION = YES_AGGRESSIVE;
				CLANG_CXX_LANGUAGE_STANDARD = "gnu++14";
				CLANG_CXX_LIBRARY = "libc++";
				CLANG_ENABLE_MODULES = YES;
				CLANG_ENABLE_OBJC_ARC = YES;
				CLANG_ENABLE_OBJC_WEAK = YES;
				CLANG_WARN_BLOCK_CAPTURE_AUTORELEASING = YES;
				CLANG_WARN_BOOL_CONVERSION = YES;
				CLANG_WARN_COMMA = YES;
				CLANG_WARN_CONSTANT_CONVERSION = YES;
				CLANG_WARN_DEPRECATED_OBJC_IMPLEMENTATIONS = YES;
				CLANG_WARN_DIRECT_OBJC_ISA_USAGE = YES_ERROR;
				CLANG_WARN_DOCUMENTATION_COMMENTS = YES;
				CLANG_WARN_EMPTY_BODY = YES;
				CLANG_WARN_ENUM_CONVERSION = YES;
				CLANG_WARN_INFINITE_RECURSION = YES;
				CLANG_WARN_INT_CONVERSION = YES;
				CLANG_WARN_NON_LITERAL_NULL_CONVERSION = YES;
				CLANG_WARN_OBJC_IMPLICIT_RETAIN_SELF = YES;
				CLANG_WARN_OBJC_LITERAL_CONVERSION = YES;
				CLANG_WARN_OBJC_ROOT_CLASS = YES_ERROR;
				CLANG_WARN_RANGE_LOOP_ANALYSIS = YES;
				CLANG_WARN_STRICT_PROTOTYPES = YES;
				CLANG_WARN_SUSPICIOUS_MOVE = YES;
				CLANG_WARN_UNGUARDED_AVAILABILITY = YES_AGGRESSIVE;
				CLANG_WARN_UNREACHABLE_CODE = YES;
				CLANG_WARN__DUPLICATE_METHOD_MATCH = YES;
				CODE_SIGN_IDENTITY = "iPhone Developer";
				COPY_PHASE_STRIP = NO;
				DEBUG_INFORMATION_FORMAT = "dwarf-with-dsym";
				ENABLE_NS_ASSERTIONS = NO;
				ENABLE_STRICT_OBJC_MSGSEND = YES;
				GCC_C_LANGUAGE_STANDARD = gnu11;
				GCC_NO_COMMON_BLOCKS = YES;
				GCC_WARN_64_TO_32_BIT_CONVERSION = YES;
				GCC_WARN_ABOUT_RETURN_TYPE = YES_ERROR;
				GCC_WARN_UNDECLARED_SELECTOR = YES;
				GCC_WARN_UNINITIALIZED_AUTOS = YES_AGGRESSIVE;
				GCC_WARN_UNUSED_FUNCTION = YES;
				GCC_WARN_UNUSED_VARIABLE = YES;
				IPHONEOS_DEPLOYMENT_TARGET = 12.0;
				MTL_ENABLE_DEBUG_INFO = NO;
				MTL_FAST_MATH = YES;
				SDKROOT = iphoneos;
				SWIFT_COMPILATION_MODE = wholemodule;
				SWIFT_OPTIMIZATION_LEVEL = "-O";
				VALIDATE_PRODUCT = YES;
			};
			name = Release;
		};
		CE196D0F221CDC120045F556 /* Debug */ = {
			isa = XCBuildConfiguration;
			buildSettings = {
				ASSETCATALOG_COMPILER_APPICON_NAME = AppIcon;
				CODE_SIGN_STYLE = Automatic;
				INFOPLIST_FILE = DemoTableView/Info.plist;
				LD_RUNPATH_SEARCH_PATHS = (
					"$(inherited)",
					"@executable_path/Frameworks",
				);
				PRODUCT_BUNDLE_IDENTIFIER = duycuongB0.DemoTableView;
				PRODUCT_NAME = "$(TARGET_NAME)";
				SWIFT_VERSION = 4.2;
				TARGETED_DEVICE_FAMILY = "1,2";
			};
			name = Debug;
		};
		CE196D10221CDC120045F556 /* Release */ = {
			isa = XCBuildConfiguration;
			buildSettings = {
				ASSETCATALOG_COMPILER_APPICON_NAME = AppIcon;
				CODE_SIGN_STYLE = Automatic;
				INFOPLIST_FILE = DemoTableView/Info.plist;
				LD_RUNPATH_SEARCH_PATHS = (
					"$(inherited)",
					"@executable_path/Frameworks",
				);
				PRODUCT_BUNDLE_IDENTIFIER = duycuongB0.DemoTableView;
				PRODUCT_NAME = "$(TARGET_NAME)";
				SWIFT_VERSION = 4.2;
				TARGETED_DEVICE_FAMILY = "1,2";
			};
			name = Release;
		};
		CE196D12221CDC120045F556 /* Debug */ = {
			isa = XCBuildConfiguration;
			buildSettings = {
				ALWAYS_EMBED_SWIFT_STANDARD_LIBRARIES = YES;
				BUNDLE_LOADER = "$(TEST_HOST)";
				CODE_SIGN_STYLE = Automatic;
				INFOPLIST_FILE = DemoTableViewTests/Info.plist;
				LD_RUNPATH_SEARCH_PATHS = (
					"$(inherited)",
					"@executable_path/Frameworks",
					"@loader_path/Frameworks",
				);
				PRODUCT_BUNDLE_IDENTIFIER = duycuongB0.DemoTableViewTests;
				PRODUCT_NAME = "$(TARGET_NAME)";
				SWIFT_VERSION = 4.2;
				TARGETED_DEVICE_FAMILY = "1,2";
				TEST_HOST = "$(BUILT_PRODUCTS_DIR)/DemoTableView.app/DemoTableView";
			};
			name = Debug;
		};
		CE196D13221CDC120045F556 /* Release */ = {
			isa = XCBuildConfiguration;
			buildSettings = {
				ALWAYS_EMBED_SWIFT_STANDARD_LIBRARIES = YES;
				BUNDLE_LOADER = "$(TEST_HOST)";
				CODE_SIGN_STYLE = Automatic;
				INFOPLIST_FILE = DemoTableViewTests/Info.plist;
				LD_RUNPATH_SEARCH_PATHS = (
					"$(inherited)",
					"@executable_path/Frameworks",
					"@loader_path/Frameworks",
				);
				PRODUCT_BUNDLE_IDENTIFIER = duycuongB0.DemoTableViewTests;
				PRODUCT_NAME = "$(TARGET_NAME)";
				SWIFT_VERSION = 4.2;
				TARGETED_DEVICE_FAMILY = "1,2";
				TEST_HOST = "$(BUILT_PRODUCTS_DIR)/DemoTableView.app/DemoTableView";
			};
			name = Release;
		};
/* End XCBuildConfiguration section */

/* Begin XCConfigurationList section */
		CE196CEC221CDC110045F556 /* Build configuration list for PBXProject "DemoTableView" */ = {
			isa = XCConfigurationList;
			buildConfigurations = (
				CE196D0C221CDC120045F556 /* Debug */,
				CE196D0D221CDC120045F556 /* Release */,
			);
			defaultConfigurationIsVisible = 0;
			defaultConfigurationName = Release;
		};
		CE196D0E221CDC120045F556 /* Build configuration list for PBXNativeTarget "DemoTableView" */ = {
			isa = XCConfigurationList;
			buildConfigurations = (
				CE196D0F221CDC120045F556 /* Debug */,
				CE196D10221CDC120045F556 /* Release */,
			);
			defaultConfigurationIsVisible = 0;
			defaultConfigurationName = Release;
		};
		CE196D11221CDC120045F556 /* Build configuration list for PBXNativeTarget "DemoTableViewTests" */ = {
			isa = XCConfigurationList;
			buildConfigurations = (
				CE196D12221CDC120045F556 /* Debug */,
				CE196D13221CDC120045F556 /* Release */,
			);
			defaultConfigurationIsVisible = 0;
			defaultConfigurationName = Release;
		};
/* End XCConfigurationList section */
	};
	rootObject = CE196CE9221CDC110045F556 /* Project object */;
}
